
Microsoft Visual Studio Solution File, Format Version 12.00
# Visual Studio 15
VisualStudioVersion = 15.0.28010.2036
MinimumVisualStudioVersion = 10.0.40219.1
Project("{9A19103F-16F7-4668-BE54-9A1E7A4F7556}") = "BankAccountLib", "BankAccountLib\BankAccountLib.csproj", "{2A6F575D-8CD3-43EB-B88A-D18ABA2E483E}"
EndProject
Project("{2150E333-8FDC-42A3-9474-1A3956D46DE8}") = "Tests", "Tests", "{1238BD19-F6E7-48D9-9D51-597454D7C242}"
EndProject
Project("{9A19103F-16F7-4668-BE54-9A1E7A4F7556}") = "BankAccountLib.MsTest.UnitTests", "BankAccountLib.MsTest.UnitTests\BankAccountLib.MsTest.UnitTests.csproj", "{FAC9596A-C810-4B12-A16B-040B9107C708}"
EndProject
Project("{9A19103F-16F7-4668-BE54-9A1E7A4F7556}") = "BankAccountLib.Xunit.UnitTests", "BankAccountLib.Xunit.UnitTests\BankAccountLib.Xunit.UnitTests.csproj", "{205615DB-D1CA-44C2-A93A-1D687063514A}"
EndProject
Project("{FAE04EC0-301F-11D3-BF4B-00C04F79EFBC}") = "BankAccountLib.Console.UnitTests", "BankAccountLib.Console.UnitTests\BankAccountLib.Console.UnitTests.csproj", "{DE8C439A-3969-4CE2-AC14-3FBDC3787DF1}"
EndProject
Project("{FAE04EC0-301F-11D3-BF4B-00C04F79EFBC}") = "BankAccountLib.Nunit.UnitTests", "BankAccountLib.Nunit.UnitTests\BankAccountLib.Nunit.UnitTests.csproj", "{176896A0-4FB3-432F-9FBF-E019CB2B99E9}"
EndProject
Global
	GlobalSection(SolutionConfigurationPlatforms) = preSolution
		Debug|Any CPU = Debug|Any CPU
		Release|Any CPU = Release|Any CPU
	EndGlobalSection
	GlobalSection(ProjectConfigurationPlatforms) = postSolution
		{2A6F575D-8CD3-43EB-B88A-D18ABA2E483E}.Debug|Any CPU.ActiveCfg = Debug|Any CPU
		{2A6F575D-8CD3-43EB-B88A-D18ABA2E483E}.Debug|Any CPU.Build.0 = Debug|Any CPU
		{2A6F575D-8CD3-43EB-B88A-D18ABA2E483E}.Release|Any CPU.ActiveCfg = Release|Any CPU
		{2A6F575D-8CD3-43EB-B88A-D18ABA2E483E}.Release|Any CPU.Build.0 = Release|Any CPU
		{FAC9596A-C810-4B12-A16B-040B9107C708}.Debug|Any CPU.ActiveCfg = Debug|Any CPU
		{FAC9596A-C810-4B12-A16B-040B9107C708}.Debug|Any CPU.Build.0 = Debug|Any CPU
		{FAC9596A-C810-4B12-A16B-040B9107C708}.Release|Any CPU.ActiveCfg = Release|Any CPU
		{FAC9596A-C810-4B12-A16B-040B9107C708}.Release|Any CPU.Build.0 = Release|Any CPU
		{205615DB-D1CA-44C2-A93A-1D687063514A}.Debug|Any CPU.ActiveCfg = Debug|Any CPU
		{205615DB-D1CA-44C2-A93A-1D687063514A}.Debug|Any CPU.Build.0 = Debug|Any CPU
		{205615DB-D1CA-44C2-A93A-1D687063514A}.Release|Any CPU.ActiveCfg = Release|Any CPU
		{205615DB-D1CA-44C2-A93A-1D687063514A}.Release|Any CPU.Build.0 = Release|Any CPU
		{DE8C439A-3969-4CE2-AC14-3FBDC3787DF1}.Debug|Any CPU.ActiveCfg = Debug|Any CPU
		{DE8C439A-3969-4CE2-AC14-3FBDC3787DF1}.Debug|Any CPU.Build.0 = Debug|Any CPU
		{DE8C439A-3969-4CE2-AC14-3FBDC3787DF1}.Release|Any CPU.ActiveCfg = Release|Any CPU
		{DE8C439A-3969-4CE2-AC14-3FBDC3787DF1}.Release|Any CPU.Build.0 = Release|Any CPU
		{176896A0-4FB3-432F-9FBF-E019CB2B99E9}.Debug|Any CPU.ActiveCfg = Debug|Any CPU
		{176896A0-4FB3-432F-9FBF-E019CB2B99E9}.Debug|Any CPU.Build.0 = Debug|Any CPU
		{176896A0-4FB3-432F-9FBF-E019CB2B99E9}.Release|Any CPU.ActiveCfg = Release|Any CPU
		{176896A0-4FB3-432F-9FBF-E019CB2B99E9}.Release|Any CPU.Build.0 = Release|Any CPU
	EndGlobalSection
	GlobalSection(SolutionProperties) = preSolution
		HideSolutionNode = FALSE
	EndGlobalSection
	GlobalSection(NestedProjects) = preSolution
		{FAC9596A-C810-4B12-A16B-040B9107C708} = {1238BD19-F6E7-48D9-9D51-597454D7C242}
		{205615DB-D1CA-44C2-A93A-1D687063514A} = {1238BD19-F6E7-48D9-9D51-597454D7C242}
		{DE8C439A-3969-4CE2-AC14-3FBDC3787DF1} = {1238BD19-F6E7-48D9-9D51-597454D7C242}
		{176896A0-4FB3-432F-9FBF-E019CB2B99E9} = {1238BD19-F6E7-48D9-9D51-597454D7C242}
	EndGlobalSection
	GlobalSection(ExtensibilityGlobals) = postSolution
		SolutionGuid = {B6C0193B-58A9-44E2-8BD5-83FF3D54A9C4}
	EndGlobalSection
EndGlobal
